PODS:
  - Flutter (1.0.0)
  - flutter_webview_pro (0.0.3):
    - Flutter
  - integration_test (0.0.1):
    - Flutter
  - OCMock (3.5)

DEPENDENCIES:
  - Flutter (from `Flutter`)
  - flutter_webview_pro (from `.symlinks/plugins/flutter_webview_pro/ios`)
  - integration_test (from `.symlinks/plugins/integration_test/ios`)
  - OCMock (= 3.5)

SPEC REPOS:
  trunk:
    - OCMock

EXTERNAL SOURCES:
  Flutter:
    :path: Flutter
  flutter_webview_pro:
    :path: ".symlinks/plugins/flutter_webview_pro/ios"
  integration_test:
    :path: ".symlinks/plugins/integration_test/ios"

SPEC CHECKSUMS:
  Flutter: 434fef37c0980e73bb6479ef766c45957d4b510c
  flutter_webview_pro: 50d6c6bd5961ca85179bd8e3900d4075975be4c9
  integration_test: 6eb66a19f7104200dcfdd62bc0077e1b09686e4f
  OCMock: 4ab4577fc941af31f4a0398f6e7e230cf21fc72a

PODFILE CHECKSUM: b36feef8b3c1de558c5a548dd556cc98c8b0ca10

COCOAPODS: 1.10.1
